// !$*UTF8*$!
{
	archiveVersion = 1;
	classes = {
	};
	objectVersion = 55;
	objects = {

/* Begin PBXBuildFile section */
		58115A5A285B7AEA007D1C3A /* SelectBankIssuerView.swift in Sources */ = {isa = PBXBuildFile; fileRef = 58115A59285B7AEA007D1C3A /* SelectBankIssuerView.swift */; };
		58365B4A285FC4D300C106BD /* CustomSelectionListView.swift in Sources */ = {isa = PBXBuildFile; fileRef = 58365B49285FC4D300C106BD /* CustomSelectionListView.swift */; };
		58624DE4285CE3590007B686 /* SelectPaymentInstallmentsView.swift in Sources */ = {isa = PBXBuildFile; fileRef = 58624DE3285CE3590007B686 /* SelectPaymentInstallmentsView.swift */; };
		58624DE6285CE8050007B686 /* InstallmentsOptions.swift in Sources */ = {isa = PBXBuildFile; fileRef = 58624DE5285CE8050007B686 /* InstallmentsOptions.swift */; };
		58C78BE8285E3D66001CDAA2 /* PaymentSummaryView.swift in Sources */ = {isa = PBXBuildFile; fileRef = 58C78BE7285E3D66001CDAA2 /* PaymentSummaryView.swift */; };
		58CB986D285F92050094B730 /* CurrencyFormatter in Frameworks */ = {isa = PBXBuildFile; productRef = 58CB986C285F92050094B730 /* CurrencyFormatter */; };
		58CB986F285F92050094B730 /* CurrencyText in Frameworks */ = {isa = PBXBuildFile; productRef = 58CB986E285F92050094B730 /* CurrencyText */; };
		58CB9871285F92050094B730 /* CurrencyTextSwiftUI in Frameworks */ = {isa = PBXBuildFile; productRef = 58CB9870285F92050094B730 /* CurrencyTextSwiftUI */; };
		58E34EFA2858FC94009F0829 /* SelectPaymentMethodView.swift in Sources */ = {isa = PBXBuildFile; fileRef = 58E34EF92858FC94009F0829 /* SelectPaymentMethodView.swift */; };
		58E34EFC28590422009F0829 /* Payment.swift in Sources */ = {isa = PBXBuildFile; fileRef = 58E34EFB28590422009F0829 /* Payment.swift */; };
		58E34EFE285908B0009F0829 /* PaymentMethod.swift in Sources */ = {isa = PBXBuildFile; fileRef = 58E34EFD285908B0009F0829 /* PaymentMethod.swift */; };
		58E34F00285908D6009F0829 /* BankIssuer.swift in Sources */ = {isa = PBXBuildFile; fileRef = 58E34EFF285908D6009F0829 /* BankIssuer.swift */; };
		58E34F02285A52BC009F0829 /* ApiServices.swift in Sources */ = {isa = PBXBuildFile; fileRef = 58E34F01285A52BC009F0829 /* ApiServices.swift */; };
		58E80AAC2858E96700203D71 /* MeLiPayApp.swift in Sources */ = {isa = PBXBuildFile; fileRef = 58E80AAB2858E96700203D71 /* MeLiPayApp.swift */; };
		58E80AAE2858E96700203D71 /* InputAmountView.swift in Sources */ = {isa = PBXBuildFile; fileRef = 58E80AAD2858E96700203D71 /* InputAmountView.swift */; };
		58E80AB02858E96B00203D71 /* Assets.xcassets in Resources */ = {isa = PBXBuildFile; fileRef = 58E80AAF2858E96B00203D71 /* Assets.xcassets */; };
		58E80AB32858E96B00203D71 /* Preview Assets.xcassets in Resources */ = {isa = PBXBuildFile; fileRef = 58E80AB22858E96B00203D71 /* Preview Assets.xcassets */; };
		58FD4C042860BE6400FFC68E /* ListItemWithThumbnail.swift in Sources */ = {isa = PBXBuildFile; fileRef = 58FD4C032860BE6400FFC68E /* ListItemWithThumbnail.swift */; };
		58FD4C082860C1AD00FFC68E /* ErrorHandler.swift in Sources */ = {isa = PBXBuildFile; fileRef = 58FD4C072860C1AD00FFC68E /* ErrorHandler.swift */; };
		58FD4C0A2860D2BB00FFC68E /* FinalSummarySheetView.swift in Sources */ = {isa = PBXBuildFile; fileRef = 58FD4C092860D2BB00FFC68E /* FinalSummarySheetView.swift */; };
		58FD4C0C2860D3D700FFC68E /* CustomCurrencyTextfieldView.swift in Sources */ = {isa = PBXBuildFile; fileRef = 58FD4C0B2860D3D700FFC68E /* CustomCurrencyTextfieldView.swift */; };
		58FD4C102860F43900FFC68E /* README.md in Resources */ = {isa = PBXBuildFile; fileRef = 58FD4C0F2860F43900FFC68E /* README.md */; };
		58FD4C122861030900FFC68E /* ApiKeyPromptView.swift in Sources */ = {isa = PBXBuildFile; fileRef = 58FD4C112861030900FFC68E /* ApiKeyPromptView.swift */; };
/* End PBXBuildFile section */

/* Begin PBXFileReference section */
		58115A59285B7AEA007D1C3A /* SelectBankIssuerView.swift */ = {isa = PBXFileReference; lastKnownFileType = sourcecode.swift; path = SelectBankIssuerView.swift; sourceTree = "<group>"; };
		58365B49285FC4D300C106BD /* CustomSelectionListView.swift */ = {isa = PBXFileReference; lastKnownFileType = sourcecode.swift; path = CustomSelectionListView.swift; sourceTree = "<group>"; };
		58624DE3285CE3590007B686 /* SelectPaymentInstallmentsView.swift */ = {isa = PBXFileReference; lastKnownFileType = sourcecode.swift; path = SelectPaymentInstallmentsView.swift; sourceTree = "<group>"; };
		58624DE5285CE8050007B686 /* InstallmentsOptions.swift */ = {isa = PBXFileReference; lastKnownFileType = sourcecode.swift; path = InstallmentsOptions.swift; sourceTree = "<group>"; };
		58C78BE7285E3D66001CDAA2 /* PaymentSummaryView.swift */ = {isa = PBXFileReference; lastKnownFileType = sourcecode.swift; path = PaymentSummaryView.swift; sourceTree = "<group>"; };
		58E34EF92858FC94009F0829 /* SelectPaymentMethodView.swift */ = {isa = PBXFileReference; lastKnownFileType = sourcecode.swift; path = SelectPaymentMethodView.swift; sourceTree = "<group>"; };
		58E34EFB28590422009F0829 /* Payment.swift */ = {isa = PBXFileReference; lastKnownFileType = sourcecode.swift; path = Payment.swift; sourceTree = "<group>"; };
		58E34EFD285908B0009F0829 /* PaymentMethod.swift */ = {isa = PBXFileReference; lastKnownFileType = sourcecode.swift; path = PaymentMethod.swift; sourceTree = "<group>"; };
		58E34EFF285908D6009F0829 /* BankIssuer.swift */ = {isa = PBXFileReference; lastKnownFileType = sourcecode.swift; path = BankIssuer.swift; sourceTree = "<group>"; };
		58E34F01285A52BC009F0829 /* ApiServices.swift */ = {isa = PBXFileReference; lastKnownFileType = sourcecode.swift; path = ApiServices.swift; sourceTree = "<group>"; };
		58E80AA82858E96700203D71 /* MeLiPay.app */ = {isa = PBXFileReference; explicitFileType = wrapper.application; includeInIndex = 0; path = MeLiPay.app; sourceTree = BUILT_PRODUCTS_DIR; };
		58E80AAB2858E96700203D71 /* MeLiPayApp.swift */ = {isa = PBXFileReference; lastKnownFileType = sourcecode.swift; path = MeLiPayApp.swift; sourceTree = "<group>"; };
		58E80AAD2858E96700203D71 /* InputAmountView.swift */ = {isa = PBXFileReference; lastKnownFileType = sourcecode.swift; path = InputAmountView.swift; sourceTree = "<group>"; };
		58E80AAF2858E96B00203D71 /* Assets.xcassets */ = {isa = PBXFileReference; lastKnownFileType = folder.assetcatalog; path = Assets.xcassets; sourceTree = "<group>"; };
		58E80AB22858E96B00203D71 /* Preview Assets.xcassets */ = {isa = PBXFileReference; lastKnownFileType = folder.assetcatalog; path = "Preview Assets.xcassets"; sourceTree = "<group>"; };
		58FD4C032860BE6400FFC68E /* ListItemWithThumbnail.swift */ = {isa = PBXFileReference; lastKnownFileType = sourcecode.swift; path = ListItemWithThumbnail.swift; sourceTree = "<group>"; };
		58FD4C072860C1AD00FFC68E /* ErrorHandler.swift */ = {isa = PBXFileReference; lastKnownFileType = sourcecode.swift; path = ErrorHandler.swift; sourceTree = "<group>"; };
		58FD4C092860D2BB00FFC68E /* FinalSummarySheetView.swift */ = {isa = PBXFileReference; lastKnownFileType = sourcecode.swift; path = FinalSummarySheetView.swift; sourceTree = "<group>"; };
		58FD4C0B2860D3D700FFC68E /* CustomCurrencyTextfieldView.swift */ = {isa = PBXFileReference; lastKnownFileType = sourcecode.swift; path = CustomCurrencyTextfieldView.swift; sourceTree = "<group>"; };
		58FD4C0F2860F43900FFC68E /* README.md */ = {isa = PBXFileReference; lastKnownFileType = net.daringfireball.markdown; path = README.md; sourceTree = "<group>"; };
		58FD4C112861030900FFC68E /* ApiKeyPromptView.swift */ = {isa = PBXFileReference; lastKnownFileType = sourcecode.swift; path = ApiKeyPromptView.swift; sourceTree = "<group>"; };
		58FD4C1328610AE000FFC68E /* Info.plist */ = {isa = PBXFileReference; lastKnownFileType = text.plist; path = Info.plist; sourceTree = "<group>"; };
/* End PBXFileReference section */

/* Begin PBXFrameworksBuildPhase section */
		58E80AA52858E96700203D71 /* Frameworks */ = {
			isa = PBXFrameworksBuildPhase;
			buildActionMask = 2147483647;
			files = (
				58CB986F285F92050094B730 /* CurrencyText in Frameworks */,
				58CB986D285F92050094B730 /* CurrencyFormatter in Frameworks */,
				58CB9871285F92050094B730 /* CurrencyTextSwiftUI in Frameworks */,
			);
			runOnlyForDeploymentPostprocessing = 0;
		};
/* End PBXFrameworksBuildPhase section */

/* Begin PBXGroup section */
		5855B5CF285FF749008B7BEA /* Models */ = {
			isa = PBXGroup;
			children = (
				58E34EFD285908B0009F0829 /* PaymentMethod.swift */,
				58E34EFF285908D6009F0829 /* BankIssuer.swift */,
				58624DE5285CE8050007B686 /* InstallmentsOptions.swift */,
			);
			path = Models;
			sourceTree = "<group>";
		};
		5855B5D0285FF764008B7BEA /* Views */ = {
			isa = PBXGroup;
			children = (
				58E80AAD2858E96700203D71 /* InputAmountView.swift */,
				58E34EF92858FC94009F0829 /* SelectPaymentMethodView.swift */,
				58115A59285B7AEA007D1C3A /* SelectBankIssuerView.swift */,
				58624DE3285CE3590007B686 /* SelectPaymentInstallmentsView.swift */,
				5855B5D1285FF7C0008B7BEA /* SubViews */,
			);
			path = Views;
			sourceTree = "<group>";
		};
		5855B5D1285FF7C0008B7BEA /* SubViews */ = {
			isa = PBXGroup;
			children = (
				58365B49285FC4D300C106BD /* CustomSelectionListView.swift */,
				58C78BE7285E3D66001CDAA2 /* PaymentSummaryView.swift */,
				58FD4C032860BE6400FFC68E /* ListItemWithThumbnail.swift */,
				58FD4C092860D2BB00FFC68E /* FinalSummarySheetView.swift */,
				58FD4C0B2860D3D700FFC68E /* CustomCurrencyTextfieldView.swift */,
				58FD4C112861030900FFC68E /* ApiKeyPromptView.swift */,
			);
			path = SubViews;
			sourceTree = "<group>";
		};
		5855B5D2285FF7DC008B7BEA /* Services */ = {
			isa = PBXGroup;
			children = (
				58E34F01285A52BC009F0829 /* ApiServices.swift */,
			);
			path = Services;
			sourceTree = "<group>";
		};
		5855B5D3285FF7EB008B7BEA /* ViewModel */ = {
			isa = PBXGroup;
			children = (
				58E34EFB28590422009F0829 /* Payment.swift */,
				58FD4C072860C1AD00FFC68E /* ErrorHandler.swift */,
			);
			path = ViewModel;
			sourceTree = "<group>";
		};
		58E80A9F2858E96700203D71 = {
			isa = PBXGroup;
			children = (
				58FD4C0F2860F43900FFC68E /* README.md */,
				58E80AAA2858E96700203D71 /* MeLiPay */,
				58E80AA92858E96700203D71 /* Products */,
			);
			sourceTree = "<group>";
		};
		58E80AA92858E96700203D71 /* Products */ = {
			isa = PBXGroup;
			children = (
				58E80AA82858E96700203D71 /* MeLiPay.app */,
			);
			name = Products;
			sourceTree = "<group>";
		};
		58E80AAA2858E96700203D71 /* MeLiPay */ = {
			isa = PBXGroup;
			children = (
				58FD4C1328610AE000FFC68E /* Info.plist */,
				5855B5D3285FF7EB008B7BEA /* ViewModel */,
				5855B5D2285FF7DC008B7BEA /* Services */,
				5855B5D0285FF764008B7BEA /* Views */,
				5855B5CF285FF749008B7BEA /* Models */,
				58E80AAB2858E96700203D71 /* MeLiPayApp.swift */,
				58E80AAF2858E96B00203D71 /* Assets.xcassets */,
				58E80AB12858E96B00203D71 /* Preview Content */,
			);
			path = MeLiPay;
			sourceTree = "<group>";
		};
		58E80AB12858E96B00203D71 /* Preview Content */ = {
			isa = PBXGroup;
			children = (
				58E80AB22858E96B00203D71 /* Preview Assets.xcassets */,
			);
			path = "Preview Content";
			sourceTree = "<group>";
		};
/* End PBXGroup section */

/* Begin PBXNativeTarget section */
		58E80AA72858E96700203D71 /* MeLiPay */ = {
			isa = PBXNativeTarget;
			buildConfigurationList = 58E80AB62858E96B00203D71 /* Build configuration list for PBXNativeTarget "MeLiPay" */;
			buildPhases = (
				58E80AA42858E96700203D71 /* Sources */,
				58E80AA52858E96700203D71 /* Frameworks */,
				58E80AA62858E96700203D71 /* Resources */,
			);
			buildRules = (
			);
			dependencies = (
			);
			name = MeLiPay;
			packageProductDependencies = (
				58CB986C285F92050094B730 /* CurrencyFormatter */,
				58CB986E285F92050094B730 /* CurrencyText */,
				58CB9870285F92050094B730 /* CurrencyTextSwiftUI */,
			);
			productName = MeLiPay;
			productReference = 58E80AA82858E96700203D71 /* MeLiPay.app */;
			productType = "com.apple.product-type.application";
		};
/* End PBXNativeTarget section */

/* Begin PBXProject section */
		58E80AA02858E96700203D71 /* Project object */ = {
			isa = PBXProject;
			attributes = {
				BuildIndependentTargetsInParallel = 1;
				LastSwiftUpdateCheck = 1340;
				LastUpgradeCheck = 1340;
				TargetAttributes = {
					58E80AA72858E96700203D71 = {
						CreatedOnToolsVersion = 13.4.1;
					};
				};
			};
			buildConfigurationList = 58E80AA32858E96700203D71 /* Build configuration list for PBXProject "MeLiPay" */;
			compatibilityVersion = "Xcode 13.0";
			developmentRegion = en;
			hasScannedForEncodings = 0;
			knownRegions = (
				en,
				Base,
			);
			mainGroup = 58E80A9F2858E96700203D71;
			packageReferences = (
				58CB986B285F92050094B730 /* XCRemoteSwiftPackageReference "CurrencyText" */,
			);
			productRefGroup = 58E80AA92858E96700203D71 /* Products */;
			projectDirPath = "";
			projectRoot = "";
			targets = (
				58E80AA72858E96700203D71 /* MeLiPay */,
			);
		};
/* End PBXProject section */

/* Begin PBXResourcesBuildPhase section */
		58E80AA62858E96700203D71 /* Resources */ = {
			isa = PBXResourcesBuildPhase;
			buildActionMask = 2147483647;
			files = (
				58FD4C102860F43900FFC68E /* README.md in Resources */,
				58E80AB32858E96B00203D71 /* Preview Assets.xcassets in Resources */,
				58E80AB02858E96B00203D71 /* Assets.xcassets in Resources */,
			);
			runOnlyForDeploymentPostprocessing = 0;
		};
/* End PBXResourcesBuildPhase section */

/* Begin PBXSourcesBuildPhase section */
		58E80AA42858E96700203D71 /* Sources */ = {
			isa = PBXSourcesBuildPhase;
			buildActionMask = 2147483647;
			files = (
				58E80AAE2858E96700203D71 /* InputAmountView.swift in Sources */,
				58365B4A285FC4D300C106BD /* CustomSelectionListView.swift in Sources */,
				58E34F02285A52BC009F0829 /* ApiServices.swift in Sources */,
				58E34EFA2858FC94009F0829 /* SelectPaymentMethodView.swift in Sources */,
				58FD4C122861030900FFC68E /* ApiKeyPromptView.swift in Sources */,
				58C78BE8285E3D66001CDAA2 /* PaymentSummaryView.swift in Sources */,
				58FD4C042860BE6400FFC68E /* ListItemWithThumbnail.swift in Sources */,
				58FD4C0C2860D3D700FFC68E /* CustomCurrencyTextfieldView.swift in Sources */,
				58E34F00285908D6009F0829 /* BankIssuer.swift in Sources */,
				58E34EFC28590422009F0829 /* Payment.swift in Sources */,
				58624DE4285CE3590007B686 /* SelectPaymentInstallmentsView.swift in Sources */,
				58624DE6285CE8050007B686 /* InstallmentsOptions.swift in Sources */,
				58E80AAC2858E96700203D71 /* MeLiPayApp.swift in Sources */,
				58FD4C0A2860D2BB00FFC68E /* FinalSummarySheetView.swift in Sources */,
				58E34EFE285908B0009F0829 /* PaymentMethod.swift in Sources */,
				58FD4C082860C1AD00FFC68E /* ErrorHandler.swift in Sources */,
				58115A5A285B7AEA007D1C3A /* SelectBankIssuerView.swift in Sources */,
			);
			runOnlyForDeploymentPostprocessing = 0;
		};
/* End PBXSourcesBuildPhase section */

/* Begin XCBuildConfiguration section */
		58E80AB42858E96B00203D71 /* Debug */ = {
			isa = XCBuildConfiguration;
			buildSettings = {
				ALWAYS_SEARCH_USER_PATHS = NO;
				CLANG_ANALYZER_NONNULL = YES;
				CLANG_ANALYZER_NUMBER_OBJECT_CONVERSION = YES_AGGRESSIVE;
				CLANG_CXX_LANGUAGE_STANDARD = "gnu++17";
				CLANG_ENABLE_MODULES = YES;
				CLANG_ENABLE_OBJC_ARC = YES;
				CLANG_ENABLE_OBJC_WEAK = YES;
				CLANG_WARN_BLOCK_CAPTURE_AUTORELEASING = YES;
				CLANG_WARN_BOOL_CONVERSION = YES;
				CLANG_WARN_COMMA = YES;
				CLANG_WARN_CONSTANT_CONVERSION = YES;
				CLANG_WARN_DEPRECATED_OBJC_IMPLEMENTATIONS = YES;
				CLANG_WARN_DIRECT_OBJC_ISA_USAGE = YES_ERROR;
				CLANG_WARN_DOCUMENTATION_COMMENTS = YES;
				CLANG_WARN_EMPTY_BODY = YES;
				CLANG_WARN_ENUM_CONVERSION = YES;
				CLANG_WARN_INFINITE_RECURSION = YES;
				CLANG_WARN_INT_CONVERSION = YES;
				CLANG_WARN_NON_LITERAL_NULL_CONVERSION = YES;
				CLANG_WARN_OBJC_IMPLICIT_RETAIN_SELF = YES;
				CLANG_WARN_OBJC_LITERAL_CONVERSION = YES;
				CLANG_WARN_OBJC_ROOT_CLASS = YES_ERROR;
				CLANG_WARN_QUOTED_INCLUDE_IN_FRAMEWORK_HEADER = YES;
				CLANG_WARN_RANGE_LOOP_ANALYSIS = YES;
				CLANG_WARN_STRICT_PROTOTYPES = YES;
				CLANG_WARN_SUSPICIOUS_MOVE = YES;
				CLANG_WARN_UNGUARDED_AVAILABILITY = YES_AGGRESSIVE;
				CLANG_WARN_UNREACHABLE_CODE = YES;
				CLANG_WARN__DUPLICATE_METHOD_MATCH = YES;
				COPY_PHASE_STRIP = NO;
				DEBUG_INFORMATION_FORMAT = dwarf;
				ENABLE_STRICT_OBJC_MSGSEND = YES;
				ENABLE_TESTABILITY = YES;
				GCC_C_LANGUAGE_STANDARD = gnu11;
				GCC_DYNAMIC_NO_PIC = NO;
				GCC_NO_COMMON_BLOCKS = YES;
				GCC_OPTIMIZATION_LEVEL = 0;
				GCC_PREPROCESSOR_DEFINITIONS = (
					"DEBUG=1",
					"$(inherited)",
				);
				GCC_WARN_64_TO_32_BIT_CONVERSION = YES;
				GCC_WARN_ABOUT_RETURN_TYPE = YES_ERROR;
				GCC_WARN_UNDECLARED_SELECTOR = YES;
				GCC_WARN_UNINITIALIZED_AUTOS = YES_AGGRESSIVE;
				GCC_WARN_UNUSED_FUNCTION = YES;
				GCC_WARN_UNUSED_VARIABLE = YES;
				IPHONEOS_DEPLOYMENT_TARGET = 15.5;
				MTL_ENABLE_DEBUG_INFO = INCLUDE_SOURCE;
				MTL_FAST_MATH = YES;
				ONLY_ACTIVE_ARCH = YES;
				SDKROOT = iphoneos;
				SWIFT_ACTIVE_COMPILATION_CONDITIONS = DEBUG;
				SWIFT_OPTIMIZATION_LEVEL = "-Onone";
			};
			name = Debug;
		};
		58E80AB52858E96B00203D71 /* Release */ = {
			isa = XCBuildConfiguration;
			buildSettings = {
				ALWAYS_SEARCH_USER_PATHS = NO;
				CLANG_ANALYZER_NONNULL = YES;
				CLANG_ANALYZER_NUMBER_OBJECT_CONVERSION = YES_AGGRESSIVE;
				CLANG_CXX_LANGUAGE_STANDARD = "gnu++17";
				CLANG_ENABLE_MODULES = YES;
				CLANG_ENABLE_OBJC_ARC = YES;
				CLANG_ENABLE_OBJC_WEAK = YES;
				CLANG_WARN_BLOCK_CAPTURE_AUTORELEASING = YES;
				CLANG_WARN_BOOL_CONVERSION = YES;
				CLANG_WARN_COMMA = YES;
				CLANG_WARN_CONSTANT_CONVERSION = YES;
				CLANG_WARN_DEPRECATED_OBJC_IMPLEMENTATIONS = YES;
				CLANG_WARN_DIRECT_OBJC_ISA_USAGE = YES_ERROR;
				CLANG_WARN_DOCUMENTATION_COMMENTS = YES;
				CLANG_WARN_EMPTY_BODY = YES;
				CLANG_WARN_ENUM_CONVERSION = YES;
				CLANG_WARN_INFINITE_RECURSION = YES;
				CLANG_WARN_INT_CONVERSION = YES;
				CLANG_WARN_NON_LITERAL_NULL_CONVERSION = YES;
				CLANG_WARN_OBJC_IMPLICIT_RETAIN_SELF = YES;
				CLANG_WARN_OBJC_LITERAL_CONVERSION = YES;
				CLANG_WARN_OBJC_ROOT_CLASS = YES_ERROR;
				CLANG_WARN_QUOTED_INCLUDE_IN_FRAMEWORK_HEADER = YES;
				CLANG_WARN_RANGE_LOOP_ANALYSIS = YES;
				CLANG_WARN_STRICT_PROTOTYPES = YES;
				CLANG_WARN_SUSPICIOUS_MOVE = YES;
				CLANG_WARN_UNGUARDED_AVAILABILITY = YES_AGGRESSIVE;
				CLANG_WARN_UNREACHABLE_CODE = YES;
				CLANG_WARN__DUPLICATE_METHOD_MATCH = YES;
				COPY_PHASE_STRIP = NO;
				DEBUG_INFORMATION_FORMAT = "dwarf-with-dsym";
				ENABLE_NS_ASSERTIONS = NO;
				ENABLE_STRICT_OBJC_MSGSEND = YES;
				GCC_C_LANGUAGE_STANDARD = gnu11;
				GCC_NO_COMMON_BLOCKS = YES;
				GCC_WARN_64_TO_32_BIT_CONVERSION = YES;
				GCC_WARN_ABOUT_RETURN_TYPE = YES_ERROR;
				GCC_WARN_UNDECLARED_SELECTOR = YES;
				GCC_WARN_UNINITIALIZED_AUTOS = YES_AGGRESSIVE;
				GCC_WARN_UNUSED_FUNCTION = YES;
				GCC_WARN_UNUSED_VARIABLE = YES;
				IPHONEOS_DEPLOYMENT_TARGET = 15.5;
				MTL_ENABLE_DEBUG_INFO = NO;
				MTL_FAST_MATH = YES;
				SDKROOT = iphoneos;
				SWIFT_COMPILATION_MODE = wholemodule;
				SWIFT_OPTIMIZATION_LEVEL = "-O";
				VALIDATE_PRODUCT = YES;
			};
			name = Release;
		};
		58E80AB72858E96B00203D71 /* Debug */ = {
			isa = XCBuildConfiguration;
			buildSettings = {
				ASSETCATALOG_COMPILER_APPICON_NAME = AppIcon;
				ASSETCATALOG_COMPILER_GLOBAL_ACCENT_COLOR_NAME = AccentColor;
				CODE_SIGN_STYLE = Automatic;
				CURRENT_PROJECT_VERSION = 1;
				DEVELOPMENT_ASSET_PATHS = "\"MeLiPay/Preview Content\"";
				DEVELOPMENT_TEAM = 972ZHL4629;
				ENABLE_PREVIEWS = YES;
				GENERATE_INFOPLIST_FILE = YES;
				INFOPLIST_FILE = MeLiPay/Info.plist;
				INFOPLIST_KEY_UIApplicationSceneManifest_Generation = YES;
				INFOPLIST_KEY_UIApplicationSupportsIndirectInputEvents = YES;
				INFOPLIST_KEY_UILaunchScreen_Generation = YES;
				INFOPLIST_KEY_UISupportedInterfaceOrientations = UIInterfaceOrientationPortrait;
				INFOPLIST_KEY_UISupportedInterfaceOrientations_iPad = "UIInterfaceOrientationPortrait UIInterfaceOrientationPortraitUpsideDown UIInterfaceOrientationLandscapeLeft UIInterfaceOrientationLandscapeRight";
				INFOPLIST_KEY_UISupportedInterfaceOrientations_iPhone = "UIInterfaceOrientationPortrait UIInterfaceOrientationLandscapeLeft UIInterfaceOrientationLandscapeRight";
				LD_RUNPATH_SEARCH_PATHS = (
					"$(inherited)",
					"@executable_path/Frameworks",
				);
				MARKETING_VERSION = 1.0;
				PRODUCT_BUNDLE_IDENTIFIER = cl.jqnchvz.MeLiPay;
				PRODUCT_NAME = "$(TARGET_NAME)";
				SWIFT_EMIT_LOC_STRINGS = YES;
				SWIFT_VERSION = 5.0;
				TARGETED_DEVICE_FAMILY = 1;
			};
			name = Debug;
		};
		58E80AB82858E96B00203D71 /* Release */ = {
			isa = XCBuildConfiguration;
			buildSettings = {
				ASSETCATALOG_COMPILER_APPICON_NAME = AppIcon;
				ASSETCATALOG_COMPILER_GLOBAL_ACCENT_COLOR_NAME = AccentColor;
				CODE_SIGN_STYLE = Automatic;
				CURRENT_PROJECT_VERSION = 1;
				DEVELOPMENT_ASSET_PATHS = "\"MeLiPay/Preview Content\"";
				DEVELOPMENT_TEAM = 972ZHL4629;
				ENABLE_PREVIEWS = YES;
				GENERATE_INFOPLIST_FILE = YES;
				INFOPLIST_FILE = MeLiPay/Info.plist;
				INFOPLIST_KEY_UIApplicationSceneManifest_Generation = YES;
				INFOPLIST_KEY_UIApplicationSupportsIndirectInputEvents = YES;
				INFOPLIST_KEY_UILaunchScreen_Generation = YES;
				INFOPLIST_KEY_UISupportedInterfaceOrientations = UIInterfaceOrientationPortrait;
				INFOPLIST_KEY_UISupportedInterfaceOrientations_iPad = "UIInterfaceOrientationPortrait UIInterfaceOrientationPortraitUpsideDown UIInterfaceOrientationLandscapeLeft UIInterfaceOrientationLandscapeRight";
				INFOPLIST_KEY_UISupportedInterfaceOrientations_iPhone = "UIInterfaceOrientationPortrait UIInterfaceOrientationLandscapeLeft UIInterfaceOrientationLandscapeRight";
				LD_RUNPATH_SEARCH_PATHS = (
					"$(inherited)",
					"@executable_path/Frameworks",
				);
				MARKETING_VERSION = 1.0;
				PRODUCT_BUNDLE_IDENTIFIER = cl.jqnchvz.MeLiPay;
				PRODUCT_NAME = "$(TARGET_NAME)";
				SWIFT_EMIT_LOC_STRINGS = YES;
				SWIFT_VERSION = 5.0;
				TARGETED_DEVICE_FAMILY = 1;
			};
			name = Release;
		};
/* End XCBuildConfiguration section */

/* Begin XCConfigurationList section */
		58E80AA32858E96700203D71 /* Build configuration list for PBXProject "MeLiPay" */ = {
			isa = XCConfigurationList;
			buildConfigurations = (
				58E80AB42858E96B00203D71 /* Debug */,
				58E80AB52858E96B00203D71 /* Release */,
			);
			defaultConfigurationIsVisible = 0;
			defaultConfigurationName = Release;
		};
		58E80AB62858E96B00203D71 /* Build configuration list for PBXNativeTarget "MeLiPay" */ = {
			isa = XCConfigurationList;
			buildConfigurations = (
				58E80AB72858E96B00203D71 /* Debug */,
				58E80AB82858E96B00203D71 /* Release */,
			);
			defaultConfigurationIsVisible = 0;
			defaultConfigurationName = Release;
		};
/* End XCConfigurationList section */

/* Begin XCRemoteSwiftPackageReference section */
		58CB986B285F92050094B730 /* XCRemoteSwiftPackageReference "CurrencyText" */ = {
			isa = XCRemoteSwiftPackageReference;
			repositoryURL = "https://github.com/marinofelipe/CurrencyText.git";
			requirement = {
				kind = upToNextMajorVersion;
				minimumVersion = 3.0.0;
			};
		};
/* End XCRemoteSwiftPackageReference section */

/* Begin XCSwiftPackageProductDependency section */
		58CB986C285F92050094B730 /* CurrencyFormatter */ = {
			isa = XCSwiftPackageProductDependency;
			package = 58CB986B285F92050094B730 /* XCRemoteSwiftPackageReference "CurrencyText" */;
			productName = CurrencyFormatter;
		};
		58CB986E285F92050094B730 /* CurrencyText */ = {
			isa = XCSwiftPackageProductDependency;
			package = 58CB986B285F92050094B730 /* XCRemoteSwiftPackageReference "CurrencyText" */;
			productName = CurrencyText;
		};
		58CB9870285F92050094B730 /* CurrencyTextSwiftUI */ = {
			isa = XCSwiftPackageProductDependency;
			package = 58CB986B285F92050094B730 /* XCRemoteSwiftPackageReference "CurrencyText" */;
			productName = CurrencyTextSwiftUI;
		};
/* End XCSwiftPackageProductDependency section */
	};
	rootObject = 58E80AA02858E96700203D71 /* Project object */;
}
